
Microsoft Visual Studio Solution File, Format Version 12.00
# Visual Studio Version 17
VisualStudioVersion = 17.0.31903.59
MinimumVisualStudioVersion = 10.0.40219.1
Project("{9A19103F-16F7-4668-BE54-9A1E7A4F7556}") = "Mauimgur", "Mauimgur\Mauimgur.csproj", "{3E278714-11DD-42DA-B18A-10807F7A0B40}"
EndProject
Project("{9A19103F-16F7-4668-BE54-9A1E7A4F7556}") = "Mauimgur.Core", "Mauimgur.Core\Mauimgur.Core.csproj", "{FF6C64CE-89B9-4687-A1CA-EF45BB27F6A3}"
EndProject
Project("{9A19103F-16F7-4668-BE54-9A1E7A4F7556}") = "Mauimgur.Tests", "Mauimgur.Tests\Mauimgur.Tests.csproj", "{6B136BE6-CB3C-4CB2-BF8A-DD6AAA1EB140}"
EndProject
Project("{9A19103F-16F7-4668-BE54-9A1E7A4F7556}") = "Drastic.DragAndDrop", "..\external\Drastic.Tools\src\Drastic.DragAndDrop\Drastic.DragAndDrop.csproj", "{73F4D1A4-07EE-4845-85EC-B13BFAE8736A}"
EndProject
Project("{9A19103F-16F7-4668-BE54-9A1E7A4F7556}") = "Drastic.DragAndDrop.Maui", "..\external\Drastic.Tools\src\Drastic.DragAndDrop.Maui\Drastic.DragAndDrop.Maui.csproj", "{233E8DC3-F5EF-453B-9DE4-0A7A7751F89F}"
EndProject
Project("{9A19103F-16F7-4668-BE54-9A1E7A4F7556}") = "Drastic.Overlay", "..\external\Drastic.Tools\src\Drastic.Overlay\Drastic.Overlay.csproj", "{91F21227-8CB7-4CDA-B271-B491209AD3DC}"
EndProject
Project("{9A19103F-16F7-4668-BE54-9A1E7A4F7556}") = "Imgur.API", "..\external\Imgur.API\src\Imgur.API\Imgur.API.csproj", "{9381D7F6-D1B7-4C28-83F0-D7C816D26314}"
EndProject
Project("{FAE04EC0-301F-11D3-BF4B-00C04F79EFBC}") = "Drastic.Tray", "..\external\Drastic.Tools\src\Drastic.Tray\Drastic.Tray.csproj", "{02F5E5C3-BE6A-4552-ABAE-19717DC989D8}"
EndProject
Project("{FAE04EC0-301F-11D3-BF4B-00C04F79EFBC}") = "Drastic.TrayWindow", "..\external\Drastic.Tools\src\Drastic.TrayWindow\Drastic.TrayWindow.csproj", "{9FE021FB-7632-4B1F-884D-D0CAAD11DDC6}"
EndProject
Project("{FAE04EC0-301F-11D3-BF4B-00C04F79EFBC}") = "Drastic.TrayWindow.Maui", "..\external\Drastic.Tools\src\Drastic.TrayWindow.Maui\Drastic.TrayWindow.Maui.csproj", "{A70E30AB-1B5E-4B73-9228-631751A6EDB7}"
EndProject
Global
	GlobalSection(SolutionConfigurationPlatforms) = preSolution
		Debug|Any CPU = Debug|Any CPU
		Release|Any CPU = Release|Any CPU
	EndGlobalSection
	GlobalSection(ProjectConfigurationPlatforms) = postSolution
		{3E278714-11DD-42DA-B18A-10807F7A0B40}.Debug|Any CPU.ActiveCfg = Debug|Any CPU
		{3E278714-11DD-42DA-B18A-10807F7A0B40}.Debug|Any CPU.Build.0 = Debug|Any CPU
		{3E278714-11DD-42DA-B18A-10807F7A0B40}.Debug|Any CPU.Deploy.0 = Debug|Any CPU
		{3E278714-11DD-42DA-B18A-10807F7A0B40}.Release|Any CPU.ActiveCfg = Release|Any CPU
		{3E278714-11DD-42DA-B18A-10807F7A0B40}.Release|Any CPU.Build.0 = Release|Any CPU
		{FF6C64CE-89B9-4687-A1CA-EF45BB27F6A3}.Debug|Any CPU.ActiveCfg = Debug|Any CPU
		{FF6C64CE-89B9-4687-A1CA-EF45BB27F6A3}.Debug|Any CPU.Build.0 = Debug|Any CPU
		{FF6C64CE-89B9-4687-A1CA-EF45BB27F6A3}.Release|Any CPU.ActiveCfg = Release|Any CPU
		{FF6C64CE-89B9-4687-A1CA-EF45BB27F6A3}.Release|Any CPU.Build.0 = Release|Any CPU
		{6B136BE6-CB3C-4CB2-BF8A-DD6AAA1EB140}.Debug|Any CPU.ActiveCfg = Debug|Any CPU
		{6B136BE6-CB3C-4CB2-BF8A-DD6AAA1EB140}.Debug|Any CPU.Build.0 = Debug|Any CPU
		{6B136BE6-CB3C-4CB2-BF8A-DD6AAA1EB140}.Release|Any CPU.ActiveCfg = Release|Any CPU
		{6B136BE6-CB3C-4CB2-BF8A-DD6AAA1EB140}.Release|Any CPU.Build.0 = Release|Any CPU
		{73F4D1A4-07EE-4845-85EC-B13BFAE8736A}.Debug|Any CPU.ActiveCfg = Debug|Any CPU
		{73F4D1A4-07EE-4845-85EC-B13BFAE8736A}.Debug|Any CPU.Build.0 = Debug|Any CPU
		{73F4D1A4-07EE-4845-85EC-B13BFAE8736A}.Release|Any CPU.ActiveCfg = Release|Any CPU
		{73F4D1A4-07EE-4845-85EC-B13BFAE8736A}.Release|Any CPU.Build.0 = Release|Any CPU
		{233E8DC3-F5EF-453B-9DE4-0A7A7751F89F}.Debug|Any CPU.ActiveCfg = Debug|Any CPU
		{233E8DC3-F5EF-453B-9DE4-0A7A7751F89F}.Debug|Any CPU.Build.0 = Debug|Any CPU
		{233E8DC3-F5EF-453B-9DE4-0A7A7751F89F}.Release|Any CPU.ActiveCfg = Release|Any CPU
		{233E8DC3-F5EF-453B-9DE4-0A7A7751F89F}.Release|Any CPU.Build.0 = Release|Any CPU
		{91F21227-8CB7-4CDA-B271-B491209AD3DC}.Debug|Any CPU.ActiveCfg = Debug|Any CPU
		{91F21227-8CB7-4CDA-B271-B491209AD3DC}.Debug|Any CPU.Build.0 = Debug|Any CPU
		{91F21227-8CB7-4CDA-B271-B491209AD3DC}.Release|Any CPU.ActiveCfg = Release|Any CPU
		{91F21227-8CB7-4CDA-B271-B491209AD3DC}.Release|Any CPU.Build.0 = Release|Any CPU
		{9381D7F6-D1B7-4C28-83F0-D7C816D26314}.Debug|Any CPU.ActiveCfg = Debug|Any CPU
		{9381D7F6-D1B7-4C28-83F0-D7C816D26314}.Debug|Any CPU.Build.0 = Debug|Any CPU
		{9381D7F6-D1B7-4C28-83F0-D7C816D26314}.Release|Any CPU.ActiveCfg = Release|Any CPU
		{9381D7F6-D1B7-4C28-83F0-D7C816D26314}.Release|Any CPU.Build.0 = Release|Any CPU
		{02F5E5C3-BE6A-4552-ABAE-19717DC989D8}.Debug|Any CPU.ActiveCfg = Debug|Any CPU
		{02F5E5C3-BE6A-4552-ABAE-19717DC989D8}.Debug|Any CPU.Build.0 = Debug|Any CPU
		{02F5E5C3-BE6A-4552-ABAE-19717DC989D8}.Release|Any CPU.ActiveCfg = Release|Any CPU
		{02F5E5C3-BE6A-4552-ABAE-19717DC989D8}.Release|Any CPU.Build.0 = Release|Any CPU
		{9FE021FB-7632-4B1F-884D-D0CAAD11DDC6}.Debug|Any CPU.ActiveCfg = Debug|Any CPU
		{9FE021FB-7632-4B1F-884D-D0CAAD11DDC6}.Debug|Any CPU.Build.0 = Debug|Any CPU
		{9FE021FB-7632-4B1F-884D-D0CAAD11DDC6}.Release|Any CPU.ActiveCfg = Release|Any CPU
		{9FE021FB-7632-4B1F-884D-D0CAAD11DDC6}.Release|Any CPU.Build.0 = Release|Any CPU
		{A70E30AB-1B5E-4B73-9228-631751A6EDB7}.Debug|Any CPU.ActiveCfg = Debug|Any CPU
		{A70E30AB-1B5E-4B73-9228-631751A6EDB7}.Debug|Any CPU.Build.0 = Debug|Any CPU
		{A70E30AB-1B5E-4B73-9228-631751A6EDB7}.Release|Any CPU.ActiveCfg = Release|Any CPU
		{A70E30AB-1B5E-4B73-9228-631751A6EDB7}.Release|Any CPU.Build.0 = Release|Any CPU
	EndGlobalSection
	GlobalSection(SolutionProperties) = preSolution
		HideSolutionNode = FALSE
	EndGlobalSection
	GlobalSection(ExtensibilityGlobals) = postSolution
		SolutionGuid = {96F95AF4-48B2-44EA-B87B-2E0962132038}
	EndGlobalSection
EndGlobal
